
Microsoft Visual Studio Solution File, Format Version 12.00
# Visual Studio Version 16
VisualStudioVersion = 16.0.30011.22
MinimumVisualStudioVersion = 10.0.40219.1
Project("{FAE04EC0-301F-11D3-BF4B-00C04F79EFBC}") = "NextOne.UWP", "NextOne\NextOne.UWP\NextOne.UWP.csproj", "{AAF05314-D89F-46CF-8E78-824118D57D38}"
EndProject
Project("{FAE04EC0-301F-11D3-BF4B-00C04F79EFBC}") = "NextOne.Android", "NextOne\NextOne.Android\NextOne.Android.csproj", "{2D042501-CD80-40B7-AE4F-6840F55A3CA4}"
EndProject
Project("{FAE04EC0-301F-11D3-BF4B-00C04F79EFBC}") = "NextOne.iOS", "NextOne\NextOne.iOS\NextOne.iOS.csproj", "{43C4F073-413E-4A21-BF23-10EAB0428B6E}"
EndProject
Project("{FAE04EC0-301F-11D3-BF4B-00C04F79EFBC}") = "NextOne", "NextOne\NextOne\NextOne.csproj", "{89DB10EB-10BF-42AB-8536-6FE1E274D822}"
EndProject
Project("{FAE04EC0-301F-11D3-BF4B-00C04F79EFBC}") = "LahoreSocketAsync", "LahoreSocketAsync\LahoreSocketAsync.csproj", "{D2ADBA01-689E-4DD5-9C1B-E92FB76EA226}"
EndProject
Global
	GlobalSection(SolutionConfigurationPlatforms) = preSolution
		Debug|Any CPU = Debug|Any CPU
		Debug|ARM = Debug|ARM
		Debug|iPhone = Debug|iPhone
		Debug|iPhoneSimulator = Debug|iPhoneSimulator
		Debug|x64 = Debug|x64
		Debug|x86 = Debug|x86
		Release|Any CPU = Release|Any CPU
		Release|ARM = Release|ARM
		Release|iPhone = Release|iPhone
		Release|iPhoneSimulator = Release|iPhoneSimulator
		Release|x64 = Release|x64
		Release|x86 = Release|x86
	EndGlobalSection
	GlobalSection(ProjectConfigurationPlatforms) = postSolution
		{AAF05314-D89F-46CF-8E78-824118D57D38}.Debug|Any CPU.ActiveCfg = Debug|x86
		{AAF05314-D89F-46CF-8E78-824118D57D38}.Debug|Any CPU.Build.0 = Debug|x86
		{AAF05314-D89F-46CF-8E78-824118D57D38}.Debug|Any CPU.Deploy.0 = Debug|x86
		{AAF05314-D89F-46CF-8E78-824118D57D38}.Debug|ARM.ActiveCfg = Debug|ARM
		{AAF05314-D89F-46CF-8E78-824118D57D38}.Debug|ARM.Build.0 = Debug|ARM
		{AAF05314-D89F-46CF-8E78-824118D57D38}.Debug|ARM.Deploy.0 = Debug|ARM
		{AAF05314-D89F-46CF-8E78-824118D57D38}.Debug|iPhone.ActiveCfg = Debug|x86
		{AAF05314-D89F-46CF-8E78-824118D57D38}.Debug|iPhone.Build.0 = Debug|x86
		{AAF05314-D89F-46CF-8E78-824118D57D38}.Debug|iPhone.Deploy.0 = Debug|x86
		{AAF05314-D89F-46CF-8E78-824118D57D38}.Debug|iPhoneSimulator.ActiveCfg = Debug|x86
		{AAF05314-D89F-46CF-8E78-824118D57D38}.Debug|iPhoneSimulator.Build.0 = Debug|x86
		{AAF05314-D89F-46CF-8E78-824118D57D38}.Debug|iPhoneSimulator.Deploy.0 = Debug|x86
		{AAF05314-D89F-46CF-8E78-824118D57D38}.Debug|x64.ActiveCfg = Debug|x64
		{AAF05314-D89F-46CF-8E78-824118D57D38}.Debug|x64.Build.0 = Debug|x64
		{AAF05314-D89F-46CF-8E78-824118D57D38}.Debug|x64.Deploy.0 = Debug|x64
		{AAF05314-D89F-46CF-8E78-824118D57D38}.Debug|x86.ActiveCfg = Debug|x86
		{AAF05314-D89F-46CF-8E78-824118D57D38}.Debug|x86.Build.0 = Debug|x86
		{AAF05314-D89F-46CF-8E78-824118D57D38}.Debug|x86.Deploy.0 = Debug|x86
		{AAF05314-D89F-46CF-8E78-824118D57D38}.Release|Any CPU.ActiveCfg = Release|x86
		{AAF05314-D89F-46CF-8E78-824118D57D38}.Release|Any CPU.Build.0 = Release|x86
		{AAF05314-D89F-46CF-8E78-824118D57D38}.Release|Any CPU.Deploy.0 = Release|x86
		{AAF05314-D89F-46CF-8E78-824118D57D38}.Release|ARM.ActiveCfg = Release|ARM
		{AAF05314-D89F-46CF-8E78-824118D57D38}.Release|ARM.Build.0 = Release|ARM
		{AAF05314-D89F-46CF-8E78-824118D57D38}.Release|ARM.Deploy.0 = Release|ARM
		{AAF05314-D89F-46CF-8E78-824118D57D38}.Release|iPhone.ActiveCfg = Release|x86
		{AAF05314-D89F-46CF-8E78-824118D57D38}.Release|iPhone.Build.0 = Release|x86
		{AAF05314-D89F-46CF-8E78-824118D57D38}.Release|iPhone.Deploy.0 = Release|x86
		{AAF05314-D89F-46CF-8E78-824118D57D38}.Release|iPhoneSimulator.ActiveCfg = Release|x86
		{AAF05314-D89F-46CF-8E78-824118D57D38}.Release|iPhoneSimulator.Build.0 = Release|x86
		{AAF05314-D89F-46CF-8E78-824118D57D38}.Release|iPhoneSimulator.Deploy.0 = Release|x86
		{AAF05314-D89F-46CF-8E78-824118D57D38}.Release|x64.ActiveCfg = Release|x64
		{AAF05314-D89F-46CF-8E78-824118D57D38}.Release|x64.Build.0 = Release|x64
		{AAF05314-D89F-46CF-8E78-824118D57D38}.Release|x64.Deploy.0 = Release|x64
		{AAF05314-D89F-46CF-8E78-824118D57D38}.Release|x86.ActiveCfg = Release|x86
		{AAF05314-D89F-46CF-8E78-824118D57D38}.Release|x86.Build.0 = Release|x86
		{AAF05314-D89F-46CF-8E78-824118D57D38}.Release|x86.Deploy.0 = Release|x86
		{2D042501-CD80-40B7-AE4F-6840F55A3CA4}.Debug|Any CPU.ActiveCfg = Debug|Any CPU
		{2D042501-CD80-40B7-AE4F-6840F55A3CA4}.Debug|Any CPU.Build.0 = Debug|Any CPU
		{2D042501-CD80-40B7-AE4F-6840F55A3CA4}.Debug|Any CPU.Deploy.0 = Debug|Any CPU
		{2D042501-CD80-40B7-AE4F-6840F55A3CA4}.Debug|ARM.ActiveCfg = Debug|Any CPU
		{2D042501-CD80-40B7-AE4F-6840F55A3CA4}.Debug|ARM.Build.0 = Debug|Any CPU
		{2D042501-CD80-40B7-AE4F-6840F55A3CA4}.Debug|ARM.Deploy.0 = Debug|Any CPU
		{2D042501-CD80-40B7-AE4F-6840F55A3CA4}.Debug|iPhone.ActiveCfg = Debug|Any CPU
		{2D042501-CD80-40B7-AE4F-6840F55A3CA4}.Debug|iPhone.Build.0 = Debug|Any CPU
		{2D042501-CD80-40B7-AE4F-6840F55A3CA4}.Debug|iPhone.Deploy.0 = Debug|Any CPU
		{2D042501-CD80-40B7-AE4F-6840F55A3CA4}.Debug|iPhoneSimulator.ActiveCfg = Debug|Any CPU
		{2D042501-CD80-40B7-AE4F-6840F55A3CA4}.Debug|iPhoneSimulator.Build.0 = Debug|Any CPU
		{2D042501-CD80-40B7-AE4F-6840F55A3CA4}.Debug|iPhoneSimulator.Deploy.0 = Debug|Any CPU
		{2D042501-CD80-40B7-AE4F-6840F55A3CA4}.Debug|x64.ActiveCfg = Debug|Any CPU
		{2D042501-CD80-40B7-AE4F-6840F55A3CA4}.Debug|x64.Build.0 = Debug|Any CPU
		{2D042501-CD80-40B7-AE4F-6840F55A3CA4}.Debug|x64.Deploy.0 = Debug|Any CPU
		{2D042501-CD80-40B7-AE4F-6840F55A3CA4}.Debug|x86.ActiveCfg = Debug|Any CPU
		{2D042501-CD80-40B7-AE4F-6840F55A3CA4}.Debug|x86.Build.0 = Debug|Any CPU
		{2D042501-CD80-40B7-AE4F-6840F55A3CA4}.Debug|x86.Deploy.0 = Debug|Any CPU
		{2D042501-CD80-40B7-AE4F-6840F55A3CA4}.Release|Any CPU.ActiveCfg = Release|Any CPU
		{2D042501-CD80-40B7-AE4F-6840F55A3CA4}.Release|Any CPU.Build.0 = Release|Any CPU
		{2D042501-CD80-40B7-AE4F-6840F55A3CA4}.Release|Any CPU.Deploy.0 = Release|Any CPU
		{2D042501-CD80-40B7-AE4F-6840F55A3CA4}.Release|ARM.ActiveCfg = Release|Any CPU
		{2D042501-CD80-40B7-AE4F-6840F55A3CA4}.Release|ARM.Build.0 = Release|Any CPU
		{2D042501-CD80-40B7-AE4F-6840F55A3CA4}.Release|ARM.Deploy.0 = Release|Any CPU
		{2D042501-CD80-40B7-AE4F-6840F55A3CA4}.Release|iPhone.ActiveCfg = Release|Any CPU
		{2D042501-CD80-40B7-AE4F-6840F55A3CA4}.Release|iPhone.Build.0 = Release|Any CPU
		{2D042501-CD80-40B7-AE4F-6840F55A3CA4}.Release|iPhone.Deploy.0 = Release|Any CPU
		{2D042501-CD80-40B7-AE4F-6840F55A3CA4}.Release|iPhoneSimulator.ActiveCfg = Release|Any CPU
		{2D042501-CD80-40B7-AE4F-6840F55A3CA4}.Release|iPhoneSimulator.Build.0 = Release|Any CPU
		{2D042501-CD80-40B7-AE4F-6840F55A3CA4}.Release|iPhoneSimulator.Deploy.0 = Release|Any CPU
		{2D042501-CD80-40B7-AE4F-6840F55A3CA4}.Release|x64.ActiveCfg = Release|Any CPU
		{2D042501-CD80-40B7-AE4F-6840F55A3CA4}.Release|x64.Build.0 = Release|Any CPU
		{2D042501-CD80-40B7-AE4F-6840F55A3CA4}.Release|x64.Deploy.0 = Release|Any CPU
		{2D042501-CD80-40B7-AE4F-6840F55A3CA4}.Release|x86.ActiveCfg = Release|Any CPU
		{2D042501-CD80-40B7-AE4F-6840F55A3CA4}.Release|x86.Build.0 = Release|Any CPU
		{2D042501-CD80-40B7-AE4F-6840F55A3CA4}.Release|x86.Deploy.0 = Release|Any CPU
		{43C4F073-413E-4A21-BF23-10EAB0428B6E}.Debug|Any CPU.ActiveCfg = Debug|iPhone
		{43C4F073-413E-4A21-BF23-10EAB0428B6E}.Debug|Any CPU.Build.0 = Debug|iPhone
		{43C4F073-413E-4A21-BF23-10EAB0428B6E}.Debug|Any CPU.Deploy.0 = Debug|iPhone
		{43C4F073-413E-4A21-BF23-10EAB0428B6E}.Debug|ARM.ActiveCfg = Debug|iPhone
		{43C4F073-413E-4A21-BF23-10EAB0428B6E}.Debug|ARM.Build.0 = Debug|iPhone
		{43C4F073-413E-4A21-BF23-10EAB0428B6E}.Debug|ARM.Deploy.0 = Debug|iPhone
		{43C4F073-413E-4A21-BF23-10EAB0428B6E}.Debug|iPhone.ActiveCfg = Debug|iPhone
		{43C4F073-413E-4A21-BF23-10EAB0428B6E}.Debug|iPhone.Build.0 = Debug|iPhone
		{43C4F073-413E-4A21-BF23-10EAB0428B6E}.Debug|iPhone.Deploy.0 = Debug|iPhone
		{43C4F073-413E-4A21-BF23-10EAB0428B6E}.Debug|iPhoneSimulator.ActiveCfg = Debug|iPhoneSimulator
		{43C4F073-413E-4A21-BF23-10EAB0428B6E}.Debug|iPhoneSimulator.Build.0 = Debug|iPhoneSimulator
		{43C4F073-413E-4A21-BF23-10EAB0428B6E}.Debug|iPhoneSimulator.Deploy.0 = Debug|iPhoneSimulator
		{43C4F073-413E-4A21-BF23-10EAB0428B6E}.Debug|x64.ActiveCfg = Debug|iPhone
		{43C4F073-413E-4A21-BF23-10EAB0428B6E}.Debug|x64.Build.0 = Debug|iPhone
		{43C4F073-413E-4A21-BF23-10EAB0428B6E}.Debug|x64.Deploy.0 = Debug|iPhone
		{43C4F073-413E-4A21-BF23-10EAB0428B6E}.Debug|x86.ActiveCfg = Debug|iPhone
		{43C4F073-413E-4A21-BF23-10EAB0428B6E}.Debug|x86.Build.0 = Debug|iPhone
		{43C4F073-413E-4A21-BF23-10EAB0428B6E}.Debug|x86.Deploy.0 = Debug|iPhone
		{43C4F073-413E-4A21-BF23-10EAB0428B6E}.Release|Any CPU.ActiveCfg = Release|iPhone
		{43C4F073-413E-4A21-BF23-10EAB0428B6E}.Release|Any CPU.Build.0 = Release|iPhone
		{43C4F073-413E-4A21-BF23-10EAB0428B6E}.Release|Any CPU.Deploy.0 = Release|iPhone
		{43C4F073-413E-4A21-BF23-10EAB0428B6E}.Release|ARM.ActiveCfg = Release|iPhone
		{43C4F073-413E-4A21-BF23-10EAB0428B6E}.Release|ARM.Build.0 = Release|iPhone
		{43C4F073-413E-4A21-BF23-10EAB0428B6E}.Release|ARM.Deploy.0 = Release|iPhone
		{43C4F073-413E-4A21-BF23-10EAB0428B6E}.Release|iPhone.ActiveCfg = Release|iPhone
		{43C4F073-413E-4A21-BF23-10EAB0428B6E}.Release|iPhone.Build.0 = Release|iPhone
		{43C4F073-413E-4A21-BF23-10EAB0428B6E}.Release|iPhone.Deploy.0 = Release|iPhone
		{43C4F073-413E-4A21-BF23-10EAB0428B6E}.Release|iPhoneSimulator.ActiveCfg = Release|iPhoneSimulator
		{43C4F073-413E-4A21-BF23-10EAB0428B6E}.Release|iPhoneSimulator.Build.0 = Release|iPhoneSimulator
		{43C4F073-413E-4A21-BF23-10EAB0428B6E}.Release|iPhoneSimulator.Deploy.0 = Release|iPhoneSimulator
		{43C4F073-413E-4A21-BF23-10EAB0428B6E}.Release|x64.ActiveCfg = Release|iPhone
		{43C4F073-413E-4A21-BF23-10EAB0428B6E}.Release|x64.Build.0 = Release|iPhone
		{43C4F073-413E-4A21-BF23-10EAB0428B6E}.Release|x64.Deploy.0 = Release|iPhone
		{43C4F073-413E-4A21-BF23-10EAB0428B6E}.Release|x86.ActiveCfg = Release|iPhone
		{43C4F073-413E-4A21-BF23-10EAB0428B6E}.Release|x86.Build.0 = Release|iPhone
		{43C4F073-413E-4A21-BF23-10EAB0428B6E}.Release|x86.Deploy.0 = Release|iPhone
		{89DB10EB-10BF-42AB-8536-6FE1E274D822}.Debug|Any CPU.ActiveCfg = Debug|Any CPU
		{89DB10EB-10BF-42AB-8536-6FE1E274D822}.Debug|Any CPU.Build.0 = Debug|Any CPU
		{89DB10EB-10BF-42AB-8536-6FE1E274D822}.Debug|Any CPU.Deploy.0 = Debug|Any CPU
		{89DB10EB-10BF-42AB-8536-6FE1E274D822}.Debug|ARM.ActiveCfg = Debug|Any CPU
		{89DB10EB-10BF-42AB-8536-6FE1E274D822}.Debug|ARM.Build.0 = Debug|Any CPU
		{89DB10EB-10BF-42AB-8536-6FE1E274D822}.Debug|ARM.Deploy.0 = Debug|Any CPU
		{89DB10EB-10BF-42AB-8536-6FE1E274D822}.Debug|iPhone.ActiveCfg = Debug|Any CPU
		{89DB10EB-10BF-42AB-8536-6FE1E274D822}.Debug|iPhone.Build.0 = Debug|Any CPU
		{89DB10EB-10BF-42AB-8536-6FE1E274D822}.Debug|iPhone.Deploy.0 = Debug|Any CPU
		{89DB10EB-10BF-42AB-8536-6FE1E274D822}.Debug|iPhoneSimulator.ActiveCfg = Debug|Any CPU
		{89DB10EB-10BF-42AB-8536-6FE1E274D822}.Debug|iPhoneSimulator.Build.0 = Debug|Any CPU
		{89DB10EB-10BF-42AB-8536-6FE1E274D822}.Debug|iPhoneSimulator.Deploy.0 = Debug|Any CPU
		{89DB10EB-10BF-42AB-8536-6FE1E274D822}.Debug|x64.ActiveCfg = Debug|Any CPU
		{89DB10EB-10BF-42AB-8536-6FE1E274D822}.Debug|x64.Build.0 = Debug|Any CPU
		{89DB10EB-10BF-42AB-8536-6FE1E274D822}.Debug|x64.Deploy.0 = Debug|Any CPU
		{89DB10EB-10BF-42AB-8536-6FE1E274D822}.Debug|x86.ActiveCfg = Debug|Any CPU
		{89DB10EB-10BF-42AB-8536-6FE1E274D822}.Debug|x86.Build.0 = Debug|Any CPU
		{89DB10EB-10BF-42AB-8536-6FE1E274D822}.Debug|x86.Deploy.0 = Debug|Any CPU
		{89DB10EB-10BF-42AB-8536-6FE1E274D822}.Release|Any CPU.ActiveCfg = Release|Any CPU
		{89DB10EB-10BF-42AB-8536-6FE1E274D822}.Release|Any CPU.Build.0 = Release|Any CPU
		{89DB10EB-10BF-42AB-8536-6FE1E274D822}.Release|Any CPU.Deploy.0 = Release|Any CPU
		{89DB10EB-10BF-42AB-8536-6FE1E274D822}.Release|ARM.ActiveCfg = Release|Any CPU
		{89DB10EB-10BF-42AB-8536-6FE1E274D822}.Release|ARM.Build.0 = Release|Any CPU
		{89DB10EB-10BF-42AB-8536-6FE1E274D822}.Release|ARM.Deploy.0 = Release|Any CPU
		{89DB10EB-10BF-42AB-8536-6FE1E274D822}.Release|iPhone.ActiveCfg = Release|Any CPU
		{89DB10EB-10BF-42AB-8536-6FE1E274D822}.Release|iPhone.Build.0 = Release|Any CPU
		{89DB10EB-10BF-42AB-8536-6FE1E274D822}.Release|iPhone.Deploy.0 = Release|Any CPU
		{89DB10EB-10BF-42AB-8536-6FE1E274D822}.Release|iPhoneSimulator.ActiveCfg = Release|Any CPU
		{89DB10EB-10BF-42AB-8536-6FE1E274D822}.Release|iPhoneSimulator.Build.0 = Release|Any CPU
		{89DB10EB-10BF-42AB-8536-6FE1E274D822}.Release|iPhoneSimulator.Deploy.0 = Release|Any CPU
		{89DB10EB-10BF-42AB-8536-6FE1E274D822}.Release|x64.ActiveCfg = Release|Any CPU
		{89DB10EB-10BF-42AB-8536-6FE1E274D822}.Release|x64.Build.0 = Release|Any CPU
		{89DB10EB-10BF-42AB-8536-6FE1E274D822}.Release|x64.Deploy.0 = Release|Any CPU
		{89DB10EB-10BF-42AB-8536-6FE1E274D822}.Release|x86.ActiveCfg = Release|Any CPU
		{89DB10EB-10BF-42AB-8536-6FE1E274D822}.Release|x86.Build.0 = Release|Any CPU
		{89DB10EB-10BF-42AB-8536-6FE1E274D822}.Release|x86.Deploy.0 = Release|Any CPU
		{D2ADBA01-689E-4DD5-9C1B-E92FB76EA226}.Debug|Any CPU.ActiveCfg = Debug|Any CPU
		{D2ADBA01-689E-4DD5-9C1B-E92FB76EA226}.Debug|Any CPU.Build.0 = Debug|Any CPU
		{D2ADBA01-689E-4DD5-9C1B-E92FB76EA226}.Debug|ARM.ActiveCfg = Debug|Any CPU
		{D2ADBA01-689E-4DD5-9C1B-E92FB76EA226}.Debug|ARM.Build.0 = Debug|Any CPU
		{D2ADBA01-689E-4DD5-9C1B-E92FB76EA226}.Debug|iPhone.ActiveCfg = Debug|Any CPU
		{D2ADBA01-689E-4DD5-9C1B-E92FB76EA226}.Debug|iPhone.Build.0 = Debug|Any CPU
		{D2ADBA01-689E-4DD5-9C1B-E92FB76EA226}.Debug|iPhoneSimulator.ActiveCfg = Debug|Any CPU
		{D2ADBA01-689E-4DD5-9C1B-E92FB76EA226}.Debug|iPhoneSimulator.Build.0 = Debug|Any CPU
		{D2ADBA01-689E-4DD5-9C1B-E92FB76EA226}.Debug|x64.ActiveCfg = Debug|Any CPU
		{D2ADBA01-689E-4DD5-9C1B-E92FB76EA226}.Debug|x64.Build.0 = Debug|Any CPU
		{D2ADBA01-689E-4DD5-9C1B-E92FB76EA226}.Debug|x86.ActiveCfg = Debug|Any CPU
		{D2ADBA01-689E-4DD5-9C1B-E92FB76EA226}.Debug|x86.Build.0 = Debug|Any CPU
		{D2ADBA01-689E-4DD5-9C1B-E92FB76EA226}.Release|Any CPU.ActiveCfg = Release|Any CPU
		{D2ADBA01-689E-4DD5-9C1B-E92FB76EA226}.Release|Any CPU.Build.0 = Release|Any CPU
		{D2ADBA01-689E-4DD5-9C1B-E92FB76EA226}.Release|ARM.ActiveCfg = Release|Any CPU
		{D2ADBA01-689E-4DD5-9C1B-E92FB76EA226}.Release|ARM.Build.0 = Release|Any CPU
		{D2ADBA01-689E-4DD5-9C1B-E92FB76EA226}.Release|iPhone.ActiveCfg = Release|Any CPU
		{D2ADBA01-689E-4DD5-9C1B-E92FB76EA226}.Release|iPhone.Build.0 = Release|Any CPU
		{D2ADBA01-689E-4DD5-9C1B-E92FB76EA226}.Release|iPhoneSimulator.ActiveCfg = Release|Any CPU
		{D2ADBA01-689E-4DD5-9C1B-E92FB76EA226}.Release|iPhoneSimulator.Build.0 = Release|Any CPU
		{D2ADBA01-689E-4DD5-9C1B-E92FB76EA226}.Release|x64.ActiveCfg = Release|Any CPU
		{D2ADBA01-689E-4DD5-9C1B-E92FB76EA226}.Release|x64.Build.0 = Release|Any CPU
		{D2ADBA01-689E-4DD5-9C1B-E92FB76EA226}.Release|x86.ActiveCfg = Release|Any CPU
		{D2ADBA01-689E-4DD5-9C1B-E92FB76EA226}.Release|x86.Build.0 = Release|Any CPU
	EndGlobalSection
	GlobalSection(SolutionProperties) = preSolution
		HideSolutionNode = FALSE
	EndGlobalSection
	GlobalSection(ExtensibilityGlobals) = postSolution
		SolutionGuid = {6F643D3B-00D4-449C-958A-37D8C74A06CE}
	EndGlobalSection
EndGlobal
